
Microsoft Visual Studio Solution File, Format Version 12.00
# Visual Studio 2013
VisualStudioVersion = 12.0.31101.0
MinimumVisualStudioVersion = 10.0.40219.1
Project("{8BC9CEB8-8B4A-11D0-8D11-00A0C91BC942}") = "engine", "engine-iteration-1\engine-iteration-1.vcxproj", "{FA1E3E40-324F-4170-BA4D-46AA70C6834A}"
EndProject
Project("{FAE04EC0-301F-11D3-BF4B-00C04F79EFBC}") = "gui", "WindowsFormsApplication1\gui.csproj", "{56A75FE9-6E95-4E35-BA91-E5A969CAA859}"
EndProject
Global
	GlobalSection(SolutionConfigurationPlatforms) = preSolution
		Debug|Any CPU = Debug|Any CPU
		Debug|Mixed Platforms = Debug|Mixed Platforms
		Debug|Win32 = Debug|Win32
		Debug|x64 = Debug|x64
		Release|Any CPU = Release|Any CPU
		Release|Mixed Platforms = Release|Mixed Platforms
		Release|Win32 = Release|Win32
		Release|x64 = Release|x64
	EndGlobalSection
	GlobalSection(ProjectConfigurationPlatforms) = postSolution
		{FA1E3E40-324F-4170-BA4D-46AA70C6834A}.Debug|Any CPU.ActiveCfg = Debug|Win32
		{FA1E3E40-324F-4170-BA4D-46AA70C6834A}.Debug|Mixed Platforms.ActiveCfg = Debug|Win32
		{FA1E3E40-324F-4170-BA4D-46AA70C6834A}.Debug|Mixed Platforms.Build.0 = Debug|Win32
		{FA1E3E40-324F-4170-BA4D-46AA70C6834A}.Debug|Win32.ActiveCfg = Debug|Win32
		{FA1E3E40-324F-4170-BA4D-46AA70C6834A}.Debug|Win32.Build.0 = Debug|Win32
		{FA1E3E40-324F-4170-BA4D-46AA70C6834A}.Debug|x64.ActiveCfg = Debug|x64
		{FA1E3E40-324F-4170-BA4D-46AA70C6834A}.Debug|x64.Build.0 = Debug|x64
		{FA1E3E40-324F-4170-BA4D-46AA70C6834A}.Release|Any CPU.ActiveCfg = Release|Win32
		{FA1E3E40-324F-4170-BA4D-46AA70C6834A}.Release|Mixed Platforms.ActiveCfg = Release|Win32
		{FA1E3E40-324F-4170-BA4D-46AA70C6834A}.Release|Mixed Platforms.Build.0 = Release|Win32
		{FA1E3E40-324F-4170-BA4D-46AA70C6834A}.Release|Win32.ActiveCfg = Release|Win32
		{FA1E3E40-324F-4170-BA4D-46AA70C6834A}.Release|Win32.Build.0 = Release|Win32
		{FA1E3E40-324F-4170-BA4D-46AA70C6834A}.Release|x64.ActiveCfg = Release|x64
		{FA1E3E40-324F-4170-BA4D-46AA70C6834A}.Release|x64.Build.0 = Release|x64
		{56A75FE9-6E95-4E35-BA91-E5A969CAA859}.Debug|Any CPU.ActiveCfg = Debug|Any CPU
		{56A75FE9-6E95-4E35-BA91-E5A969CAA859}.Debug|Any CPU.Build.0 = Debug|Any CPU
		{56A75FE9-6E95-4E35-BA91-E5A969CAA859}.Debug|Mixed Platforms.ActiveCfg = Debug|Any CPU
		{56A75FE9-6E95-4E35-BA91-E5A969CAA859}.Debug|Mixed Platforms.Build.0 = Debug|Any CPU
		{56A75FE9-6E95-4E35-BA91-E5A969CAA859}.Debug|Win32.ActiveCfg = Debug|Any CPU
		{56A75FE9-6E95-4E35-BA91-E5A969CAA859}.Debug|x64.ActiveCfg = Debug|Any CPU
		{56A75FE9-6E95-4E35-BA91-E5A969CAA859}.Release|Any CPU.ActiveCfg = Release|Any CPU
		{56A75FE9-6E95-4E35-BA91-E5A969CAA859}.Release|Any CPU.Build.0 = Release|Any CPU
		{56A75FE9-6E95-4E35-BA91-E5A969CAA859}.Release|Mixed Platforms.ActiveCfg = Release|Any CPU
		{56A75FE9-6E95-4E35-BA91-E5A969CAA859}.Release|Mixed Platforms.Build.0 = Release|Any CPU
		{56A75FE9-6E95-4E35-BA91-E5A969CAA859}.Release|Win32.ActiveCfg = Release|Any CPU
		{56A75FE9-6E95-4E35-BA91-E5A969CAA859}.Release|x64.ActiveCfg = Release|Any CPU
	EndGlobalSection
	GlobalSection(SolutionProperties) = preSolution
		HideSolutionNode = FALSE
	EndGlobalSection
EndGlobal
